
Microsoft Visual Studio Solution File, Format Version 12.00
Project("{FAE04EC0-301F-11D3-BF4B-00C04F79EFBC}") = "Radha", "Radha\Radha.csproj", "{3D46BDAC-0B4D-4737-8722-577FAE7A138B}"
EndProject
Project("{FAE04EC0-301F-11D3-BF4B-00C04F79EFBC}") = "UI", "UI\UI.csproj", "{379A6D7C-71C5-4654-9F50-B527F883CA71}"
EndProject
Project("{FAE04EC0-301F-11D3-BF4B-00C04F79EFBC}") = "TestProject1", "TestProject1\TestProject1.csproj", "{0275FED3-5CFA-48E4-ADDE-938407A05625}"
EndProject
Global
	GlobalSection(SolutionConfigurationPlatforms) = preSolution
		Debug|Any CPU = Debug|Any CPU
		Release|Any CPU = Release|Any CPU
	EndGlobalSection
	GlobalSection(ProjectConfigurationPlatforms) = postSolution
		{3D46BDAC-0B4D-4737-8722-577FAE7A138B}.Debug|Any CPU.ActiveCfg = Debug|Any CPU
		{3D46BDAC-0B4D-4737-8722-577FAE7A138B}.Debug|Any CPU.Build.0 = Debug|Any CPU
		{3D46BDAC-0B4D-4737-8722-577FAE7A138B}.Release|Any CPU.ActiveCfg = Release|Any CPU
		{3D46BDAC-0B4D-4737-8722-577FAE7A138B}.Release|Any CPU.Build.0 = Release|Any CPU
		{379A6D7C-71C5-4654-9F50-B527F883CA71}.Debug|Any CPU.ActiveCfg = Debug|Any CPU
		{379A6D7C-71C5-4654-9F50-B527F883CA71}.Debug|Any CPU.Build.0 = Debug|Any CPU
		{379A6D7C-71C5-4654-9F50-B527F883CA71}.Release|Any CPU.ActiveCfg = Release|Any CPU
		{379A6D7C-71C5-4654-9F50-B527F883CA71}.Release|Any CPU.Build.0 = Release|Any CPU
		{0275FED3-5CFA-48E4-ADDE-938407A05625}.Debug|Any CPU.ActiveCfg = Debug|Any CPU
		{0275FED3-5CFA-48E4-ADDE-938407A05625}.Debug|Any CPU.Build.0 = Debug|Any CPU
		{0275FED3-5CFA-48E4-ADDE-938407A05625}.Release|Any CPU.ActiveCfg = Release|Any CPU
		{0275FED3-5CFA-48E4-ADDE-938407A05625}.Release|Any CPU.Build.0 = Release|Any CPU
	EndGlobalSection
EndGlobal
